// !$*UTF8*$!
{
	archiveVersion = 1;
	classes = {
	};
	objectVersion = 46;
	objects = {

/* Begin PBXBuildFile section */
		C114168817ACB9F700E545B4 /* Game.cpp in Sources */ = {isa = PBXBuildFile; fileRef = C114168617ACB9F700E545B4 /* Game.cpp */; };
		C114168B17AD5D3200E545B4 /* stdafx.cpp in Sources */ = {isa = PBXBuildFile; fileRef = C114168917AD5D3200E545B4 /* stdafx.cpp */; };
		C114169017AD5FEC00E545B4 /* SplashScreen.cpp in Sources */ = {isa = PBXBuildFile; fileRef = C114168E17AD5FEC00E545B4 /* SplashScreen.cpp */; };
		C114169317AD626B00E545B4 /* MainMenu.cpp in Sources */ = {isa = PBXBuildFile; fileRef = C114169117AD626B00E545B4 /* MainMenu.cpp */; };
		C114169A17AD6C1D00E545B4 /* VisibleGameObject.cpp in Sources */ = {isa = PBXBuildFile; fileRef = C114169817AD6C1D00E545B4 /* VisibleGameObject.cpp */; };
		C114169D17AD6E1D00E545B4 /* PlayerPaddle.cpp in Sources */ = {isa = PBXBuildFile; fileRef = C114169B17AD6E1D00E545B4 /* PlayerPaddle.cpp */; };
		C11416A017AD816500E545B4 /* GameObjectManager.cpp in Sources */ = {isa = PBXBuildFile; fileRef = C114169E17AD816500E545B4 /* GameObjectManager.cpp */; };
		C11416A517ADA8BD00E545B4 /* GameBall.cpp in Sources */ = {isa = PBXBuildFile; fileRef = C11416A317ADA8BD00E545B4 /* GameBall.cpp */; };
		C11416AB17AED0BC00E545B4 /* SFMLSoundProvider.cpp in Sources */ = {isa = PBXBuildFile; fileRef = C11416A917AED0BB00E545B4 /* SFMLSoundProvider.cpp */; };
		C11416AE17AED33D00E545B4 /* ServiceLocator.cpp in Sources */ = {isa = PBXBuildFile; fileRef = C11416AC17AED33D00E545B4 /* ServiceLocator.cpp */; };
		C11416B517AEF4C900E545B4 /* SoundFileCache.cpp in Sources */ = {isa = PBXBuildFile; fileRef = C11416B317AEF4C800E545B4 /* SoundFileCache.cpp */; };
		C11416B817AF024500E545B4 /* AIPaddle.cpp in Sources */ = {isa = PBXBuildFile; fileRef = C11416B617AF024400E545B4 /* AIPaddle.cpp */; };
		C11416BB17AF1BA500E545B4 /* Paddle.cpp in Sources */ = {isa = PBXBuildFile; fileRef = C11416B917AF1BA500E545B4 /* Paddle.cpp */; };
		C1415BFF17B1871000918E6C /* Camera.cpp in Sources */ = {isa = PBXBuildFile; fileRef = C1415BFD17B1871000918E6C /* Camera.cpp */; };
		C15A388B17A5D775002C2764 /* ResourcePath.mm in Sources */ = {isa = PBXBuildFile; fileRef = C15A388A17A5D775002C2764 /* ResourcePath.mm */; };
		C15A388E17A5D775002C2764 /* main.cpp in Sources */ = {isa = PBXBuildFile; fileRef = C15A388D17A5D775002C2764 /* main.cpp */; };
		C16FEC8217B06E4F00E669C6 /* Resources in Resources */ = {isa = PBXBuildFile; fileRef = C16FEC8117B06E4F00E669C6 /* Resources */; };
		C1B8D44217B3E6A5003D3032 /* Emitter.cpp in Sources */ = {isa = PBXBuildFile; fileRef = C1B8D44017B3E6A5003D3032 /* Emitter.cpp */; };
		C1B8D44417BEE1F4003D3032 /* readme.md in Resources */ = {isa = PBXBuildFile; fileRef = C1B8D44317BEE1F4003D3032 /* readme.md */; };
		C1B8D44717BEF4A6003D3032 /* ParticleShape.cpp in Sources */ = {isa = PBXBuildFile; fileRef = C1B8D44517BEF4A6003D3032 /* ParticleShape.cpp */; };
		C1B8D44B17BEFDED003D3032 /* RectangleParticle.cpp in Sources */ = {isa = PBXBuildFile; fileRef = C1B8D44917BEFDED003D3032 /* RectangleParticle.cpp */; };
		C1B8D44F17BFE832003D3032 /* GameState.cpp in Sources */ = {isa = PBXBuildFile; fileRef = C1B8D44D17BFE832003D3032 /* GameState.cpp */; };
		C1B8D45217BFEA00003D3032 /* PlayScreen.cpp in Sources */ = {isa = PBXBuildFile; fileRef = C1B8D45017BFEA00003D3032 /* PlayScreen.cpp */; };
		C1B8D45617C01A6C003D3032 /* GameStateStack.cpp in Sources */ = {isa = PBXBuildFile; fileRef = C1B8D45417C01A6C003D3032 /* GameStateStack.cpp */; };
		C1B8D45917C02B55003D3032 /* PauseMenu.cpp in Sources */ = {isa = PBXBuildFile; fileRef = C1B8D45717C02B54003D3032 /* PauseMenu.cpp */; };
		C1B8D45D17C04B9A003D3032 /* Spark.cpp in Sources */ = {isa = PBXBuildFile; fileRef = C1B8D45B17C04B99003D3032 /* Spark.cpp */; };
/* End PBXBuildFile section */

/* Begin PBXFileReference section */
		C114168617ACB9F700E545B4 /* Game.cpp */ = {isa = PBXFileReference; fileEncoding = 4; lastKnownFileType = sourcecode.cpp.cpp; path = Game.cpp; sourceTree = "<group>"; };
		C114168717ACB9F700E545B4 /* Game.h */ = {isa = PBXFileReference; fileEncoding = 4; lastKnownFileType = sourcecode.c.h; path = Game.h; sourceTree = "<group>"; };
		C114168917AD5D3200E545B4 /* stdafx.cpp */ = {isa = PBXFileReference; fileEncoding = 4; lastKnownFileType = sourcecode.cpp.cpp; name = stdafx.cpp; path = SideScroller/stdafx.cpp; sourceTree = "<group>"; };
		C114168A17AD5D3200E545B4 /* stdafx.h */ = {isa = PBXFileReference; fileEncoding = 4; lastKnownFileType = sourcecode.c.h; name = stdafx.h; path = SideScroller/stdafx.h; sourceTree = "<group>"; };
		C114168E17AD5FEC00E545B4 /* SplashScreen.cpp */ = {isa = PBXFileReference; fileEncoding = 4; lastKnownFileType = sourcecode.cpp.cpp; path = SplashScreen.cpp; sourceTree = "<group>"; };
		C114168F17AD5FEC00E545B4 /* SplashScreen.h */ = {isa = PBXFileReference; fileEncoding = 4; lastKnownFileType = sourcecode.c.h; path = SplashScreen.h; sourceTree = "<group>"; };
		C114169117AD626B00E545B4 /* MainMenu.cpp */ = {isa = PBXFileReference; fileEncoding = 4; lastKnownFileType = sourcecode.cpp.cpp; path = MainMenu.cpp; sourceTree = "<group>"; };
		C114169217AD626B00E545B4 /* MainMenu.h */ = {isa = PBXFileReference; fileEncoding = 4; lastKnownFileType = sourcecode.c.h; path = MainMenu.h; sourceTree = "<group>"; };
		C114169817AD6C1D00E545B4 /* VisibleGameObject.cpp */ = {isa = PBXFileReference; fileEncoding = 4; lastKnownFileType = sourcecode.cpp.cpp; path = VisibleGameObject.cpp; sourceTree = "<group>"; };
		C114169917AD6C1D00E545B4 /* VisibleGameObject.h */ = {isa = PBXFileReference; fileEncoding = 4; lastKnownFileType = sourcecode.c.h; path = VisibleGameObject.h; sourceTree = "<group>"; };
		C114169B17AD6E1D00E545B4 /* PlayerPaddle.cpp */ = {isa = PBXFileReference; fileEncoding = 4; lastKnownFileType = sourcecode.cpp.cpp; path = PlayerPaddle.cpp; sourceTree = "<group>"; };
		C114169C17AD6E1D00E545B4 /* PlayerPaddle.h */ = {isa = PBXFileReference; fileEncoding = 4; lastKnownFileType = sourcecode.c.h; path = PlayerPaddle.h; sourceTree = "<group>"; };
		C114169E17AD816500E545B4 /* GameObjectManager.cpp */ = {isa = PBXFileReference; fileEncoding = 4; lastKnownFileType = sourcecode.cpp.cpp; path = GameObjectManager.cpp; sourceTree = "<group>"; };
		C114169F17AD816500E545B4 /* GameObjectManager.h */ = {isa = PBXFileReference; fileEncoding = 4; lastKnownFileType = sourcecode.c.h; path = GameObjectManager.h; sourceTree = "<group>"; };
		C11416A317ADA8BD00E545B4 /* GameBall.cpp */ = {isa = PBXFileReference; fileEncoding = 4; lastKnownFileType = sourcecode.cpp.cpp; path = GameBall.cpp; sourceTree = "<group>"; };
		C11416A417ADA8BD00E545B4 /* GameBall.h */ = {isa = PBXFileReference; fileEncoding = 4; lastKnownFileType = sourcecode.c.h; path = GameBall.h; sourceTree = "<group>"; };
		C11416A717AECFFF00E545B4 /* IAudioProvider.h */ = {isa = PBXFileReference; fileEncoding = 4; lastKnownFileType = sourcecode.c.h; path = IAudioProvider.h; sourceTree = "<group>"; };
		C11416A917AED0BB00E545B4 /* SFMLSoundProvider.cpp */ = {isa = PBXFileReference; fileEncoding = 4; lastKnownFileType = sourcecode.cpp.cpp; path = SFMLSoundProvider.cpp; sourceTree = "<group>"; };
		C11416AA17AED0BB00E545B4 /* SFMLSoundProvider.h */ = {isa = PBXFileReference; fileEncoding = 4; lastKnownFileType = sourcecode.c.h; path = SFMLSoundProvider.h; sourceTree = "<group>"; };
		C11416AC17AED33D00E545B4 /* ServiceLocator.cpp */ = {isa = PBXFileReference; fileEncoding = 4; lastKnownFileType = sourcecode.cpp.cpp; path = ServiceLocator.cpp; sourceTree = "<group>"; };
		C11416AD17AED33D00E545B4 /* ServiceLocator.h */ = {isa = PBXFileReference; fileEncoding = 4; lastKnownFileType = sourcecode.c.h; path = ServiceLocator.h; sourceTree = "<group>"; };
		C11416B317AEF4C800E545B4 /* SoundFileCache.cpp */ = {isa = PBXFileReference; fileEncoding = 4; lastKnownFileType = sourcecode.cpp.cpp; path = SoundFileCache.cpp; sourceTree = "<group>"; };
		C11416B417AEF4C800E545B4 /* SoundFileCache.h */ = {isa = PBXFileReference; fileEncoding = 4; lastKnownFileType = sourcecode.c.h; path = SoundFileCache.h; sourceTree = "<group>"; };
		C11416B617AF024400E545B4 /* AIPaddle.cpp */ = {isa = PBXFileReference; fileEncoding = 4; lastKnownFileType = sourcecode.cpp.cpp; path = AIPaddle.cpp; sourceTree = "<group>"; };
		C11416B717AF024400E545B4 /* AIPaddle.h */ = {isa = PBXFileReference; fileEncoding = 4; lastKnownFileType = sourcecode.c.h; path = AIPaddle.h; sourceTree = "<group>"; };
		C11416B917AF1BA500E545B4 /* Paddle.cpp */ = {isa = PBXFileReference; fileEncoding = 4; lastKnownFileType = sourcecode.cpp.cpp; path = Paddle.cpp; sourceTree = "<group>"; };
		C11416BA17AF1BA500E545B4 /* Paddle.h */ = {isa = PBXFileReference; fileEncoding = 4; lastKnownFileType = sourcecode.c.h; path = Paddle.h; sourceTree = "<group>"; };
		C11416BC17AF2DD000E545B4 /* mathhelpers.h */ = {isa = PBXFileReference; lastKnownFileType = sourcecode.c.h; name = mathhelpers.h; path = SideScroller/mathhelpers.h; sourceTree = "<group>"; };
		C11416BD17AFF12500E545B4 /* stringhelpers.h */ = {isa = PBXFileReference; lastKnownFileType = sourcecode.c.h; name = stringhelpers.h; path = SideScroller/stringhelpers.h; sourceTree = "<group>"; };
		C1415BFD17B1871000918E6C /* Camera.cpp */ = {isa = PBXFileReference; fileEncoding = 4; lastKnownFileType = sourcecode.cpp.cpp; path = Camera.cpp; sourceTree = "<group>"; };
		C1415BFE17B1871000918E6C /* Camera.h */ = {isa = PBXFileReference; fileEncoding = 4; lastKnownFileType = sourcecode.c.h; path = Camera.h; sourceTree = "<group>"; };
		C15A388517A5D775002C2764 /* SideScroller.app */ = {isa = PBXFileReference; explicitFileType = wrapper.application; includeInIndex = 0; path = SideScroller.app; sourceTree = BUILT_PRODUCTS_DIR; };
		C15A388917A5D775002C2764 /* SideScroller-Info.plist */ = {isa = PBXFileReference; lastKnownFileType = text.plist.xml; path = "SideScroller-Info.plist"; sourceTree = "<group>"; };
		C15A388A17A5D775002C2764 /* ResourcePath.mm */ = {isa = PBXFileReference; lastKnownFileType = sourcecode.cpp.objcpp; name = ResourcePath.mm; path = SideScroller/ResourcePath.mm; sourceTree = "<group>"; };
		C15A388C17A5D775002C2764 /* ResourcePath.hpp */ = {isa = PBXFileReference; lastKnownFileType = sourcecode.cpp.h; name = ResourcePath.hpp; path = SideScroller/ResourcePath.hpp; sourceTree = "<group>"; };
		C15A388D17A5D775002C2764 /* main.cpp */ = {isa = PBXFileReference; lastKnownFileType = sourcecode.cpp.cpp; path = main.cpp; sourceTree = "<group>"; };
		C16FEC8117B06E4F00E669C6 /* Resources */ = {isa = PBXFileReference; lastKnownFileType = folder; path = Resources; sourceTree = "<group>"; };
		C1B8D44017B3E6A5003D3032 /* Emitter.cpp */ = {isa = PBXFileReference; fileEncoding = 4; lastKnownFileType = sourcecode.cpp.cpp; path = Emitter.cpp; sourceTree = "<group>"; };
		C1B8D44117B3E6A5003D3032 /* Emitter.h */ = {isa = PBXFileReference; fileEncoding = 4; lastKnownFileType = sourcecode.c.h; path = Emitter.h; sourceTree = "<group>"; };
		C1B8D44317BEE1F4003D3032 /* readme.md */ = {isa = PBXFileReference; fileEncoding = 4; lastKnownFileType = text; path = readme.md; sourceTree = "<group>"; };
		C1B8D44517BEF4A6003D3032 /* ParticleShape.cpp */ = {isa = PBXFileReference; fileEncoding = 4; lastKnownFileType = sourcecode.cpp.cpp; path = ParticleShape.cpp; sourceTree = "<group>"; };
		C1B8D44617BEF4A6003D3032 /* ParticleShape.h */ = {isa = PBXFileReference; fileEncoding = 4; lastKnownFileType = sourcecode.c.h; path = ParticleShape.h; sourceTree = "<group>"; };
		C1B8D44917BEFDED003D3032 /* RectangleParticle.cpp */ = {isa = PBXFileReference; fileEncoding = 4; lastKnownFileType = sourcecode.cpp.cpp; path = RectangleParticle.cpp; sourceTree = "<group>"; };
		C1B8D44A17BEFDED003D3032 /* RectangleParticle.h */ = {isa = PBXFileReference; fileEncoding = 4; lastKnownFileType = sourcecode.c.h; path = RectangleParticle.h; sourceTree = "<group>"; };
		C1B8D44C17BF122C003D3032 /* Particle.h */ = {isa = PBXFileReference; lastKnownFileType = sourcecode.c.h; path = Particle.h; sourceTree = "<group>"; };
		C1B8D44D17BFE832003D3032 /* GameState.cpp */ = {isa = PBXFileReference; fileEncoding = 4; lastKnownFileType = sourcecode.cpp.cpp; path = GameState.cpp; sourceTree = "<group>"; };
		C1B8D44E17BFE832003D3032 /* GameState.h */ = {isa = PBXFileReference; fileEncoding = 4; lastKnownFileType = sourcecode.c.h; path = GameState.h; sourceTree = "<group>"; };
		C1B8D45017BFEA00003D3032 /* PlayScreen.cpp */ = {isa = PBXFileReference; fileEncoding = 4; lastKnownFileType = sourcecode.cpp.cpp; path = PlayScreen.cpp; sourceTree = "<group>"; };
		C1B8D45117BFEA00003D3032 /* PlayScreen.h */ = {isa = PBXFileReference; fileEncoding = 4; lastKnownFileType = sourcecode.c.h; path = PlayScreen.h; sourceTree = "<group>"; };
		C1B8D45417C01A6C003D3032 /* GameStateStack.cpp */ = {isa = PBXFileReference; fileEncoding = 4; lastKnownFileType = sourcecode.cpp.cpp; path = GameStateStack.cpp; sourceTree = "<group>"; };
		C1B8D45517C01A6C003D3032 /* GameStateStack.h */ = {isa = PBXFileReference; fileEncoding = 4; lastKnownFileType = sourcecode.c.h; path = GameStateStack.h; sourceTree = "<group>"; };
		C1B8D45717C02B54003D3032 /* PauseMenu.cpp */ = {isa = PBXFileReference; fileEncoding = 4; lastKnownFileType = sourcecode.cpp.cpp; path = PauseMenu.cpp; sourceTree = "<group>"; };
		C1B8D45817C02B54003D3032 /* PauseMenu.h */ = {isa = PBXFileReference; fileEncoding = 4; lastKnownFileType = sourcecode.c.h; path = PauseMenu.h; sourceTree = "<group>"; };
		C1B8D45B17C04B99003D3032 /* Spark.cpp */ = {isa = PBXFileReference; fileEncoding = 4; lastKnownFileType = sourcecode.cpp.cpp; path = Spark.cpp; sourceTree = "<group>"; };
		C1B8D45C17C04B9A003D3032 /* Spark.h */ = {isa = PBXFileReference; fileEncoding = 4; lastKnownFileType = sourcecode.c.h; path = Spark.h; sourceTree = "<group>"; };
/* End PBXFileReference section */

/* Begin PBXFrameworksBuildPhase section */
		C15A388117A5D775002C2764 /* Frameworks */ = {
			isa = PBXFrameworksBuildPhase;
			buildActionMask = 2147483647;
			files = (
			);
			runOnlyForDeploymentPostprocessing = 0;
		};
/* End PBXFrameworksBuildPhase section */

/* Begin PBXGroup section */
		C1415C0017B1B62900918E6C /* Helpers */ = {
			isa = PBXGroup;
			children = (
				C114168917AD5D3200E545B4 /* stdafx.cpp */,
				C114168A17AD5D3200E545B4 /* stdafx.h */,
				C15A388A17A5D775002C2764 /* ResourcePath.mm */,
				C15A388C17A5D775002C2764 /* ResourcePath.hpp */,
				C11416BC17AF2DD000E545B4 /* mathhelpers.h */,
				C11416BD17AFF12500E545B4 /* stringhelpers.h */,
			);
			name = Helpers;
			path = ..;
			sourceTree = "<group>";
		};
		C1415C0117B1B64600918E6C /* Services */ = {
			isa = PBXGroup;
			children = (
				C11416A717AECFFF00E545B4 /* IAudioProvider.h */,
				C11416A917AED0BB00E545B4 /* SFMLSoundProvider.cpp */,
				C11416AA17AED0BB00E545B4 /* SFMLSoundProvider.h */,
				C11416AC17AED33D00E545B4 /* ServiceLocator.cpp */,
				C11416AD17AED33D00E545B4 /* ServiceLocator.h */,
				C11416B317AEF4C800E545B4 /* SoundFileCache.cpp */,
				C11416B417AEF4C800E545B4 /* SoundFileCache.h */,
			);
			name = Services;
			sourceTree = "<group>";
		};
		C1415C0217B1B6A300918E6C /* GameState */ = {
			isa = PBXGroup;
			children = (
				C1B8D45317C01A54003D3032 /* States */,
				C1B8D44D17BFE832003D3032 /* GameState.cpp */,
				C1B8D44E17BFE832003D3032 /* GameState.h */,
				C1B8D45417C01A6C003D3032 /* GameStateStack.cpp */,
				C1B8D45517C01A6C003D3032 /* GameStateStack.h */,
			);
			name = GameState;
			sourceTree = "<group>";
		};
		C1415C0317B1B6D800918E6C /* GameObjects */ = {
			isa = PBXGroup;
			children = (
				C1B8D43F17B3E688003D3032 /* Particles */,
				C1415C0417B1B71600918E6C /* Paddles */,
				C114169817AD6C1D00E545B4 /* VisibleGameObject.cpp */,
				C114169917AD6C1D00E545B4 /* VisibleGameObject.h */,
				C11416A317ADA8BD00E545B4 /* GameBall.cpp */,
				C11416A417ADA8BD00E545B4 /* GameBall.h */,
			);
			name = GameObjects;
			sourceTree = "<group>";
		};
		C1415C0417B1B71600918E6C /* Paddles */ = {
			isa = PBXGroup;
			children = (
				C11416B617AF024400E545B4 /* AIPaddle.cpp */,
				C11416B717AF024400E545B4 /* AIPaddle.h */,
				C114169B17AD6E1D00E545B4 /* PlayerPaddle.cpp */,
				C114169C17AD6E1D00E545B4 /* PlayerPaddle.h */,
				C11416B917AF1BA500E545B4 /* Paddle.cpp */,
				C11416BA17AF1BA500E545B4 /* Paddle.h */,
			);
			name = Paddles;
			sourceTree = "<group>";
		};
		C15A387B17A5D775002C2764 = {
			isa = PBXGroup;
			children = (
				C15A388717A5D775002C2764 /* SideScroller */,
				C15A388617A5D775002C2764 /* Products */,
			);
			sourceTree = "<group>";
		};
		C15A388617A5D775002C2764 /* Products */ = {
			isa = PBXGroup;
			children = (
				C15A388517A5D775002C2764 /* SideScroller.app */,
			);
			name = Products;
			sourceTree = "<group>";
		};
		C15A388717A5D775002C2764 /* SideScroller */ = {
			isa = PBXGroup;
			children = (
				C1415C0317B1B6D800918E6C /* GameObjects */,
				C1415C0217B1B6A300918E6C /* GameState */,
				C1415C0017B1B62900918E6C /* Helpers */,
				C1415C0117B1B64600918E6C /* Services */,
				C15A388D17A5D775002C2764 /* main.cpp */,
				C114168617ACB9F700E545B4 /* Game.cpp */,
				C114168717ACB9F700E545B4 /* Game.h */,
				C1B8D44317BEE1F4003D3032 /* readme.md */,
				C15A388817A5D775002C2764 /* Supporting Files */,
				C16FEC8117B06E4F00E669C6 /* Resources */,
			);
			path = SideScroller;
			sourceTree = "<group>";
		};
		C15A388817A5D775002C2764 /* Supporting Files */ = {
			isa = PBXGroup;
			children = (
				C15A388917A5D775002C2764 /* SideScroller-Info.plist */,
			);
			name = "Supporting Files";
			sourceTree = "<group>";
		};
		C1B8D43F17B3E688003D3032 /* Particles */ = {
			isa = PBXGroup;
			children = (
				C1B8D44817BEFD32003D3032 /* ParticleShapes */,
				C1B8D44017B3E6A5003D3032 /* Emitter.cpp */,
				C1B8D44117B3E6A5003D3032 /* Emitter.h */,
				C1B8D44C17BF122C003D3032 /* Particle.h */,
			);
			name = Particles;
			sourceTree = "<group>";
		};
		C1B8D44817BEFD32003D3032 /* ParticleShapes */ = {
			isa = PBXGroup;
			children = (
				C1B8D44517BEF4A6003D3032 /* ParticleShape.cpp */,
				C1B8D44617BEF4A6003D3032 /* ParticleShape.h */,
				C1B8D44917BEFDED003D3032 /* RectangleParticle.cpp */,
				C1B8D44A17BEFDED003D3032 /* RectangleParticle.h */,
				C1B8D45B17C04B99003D3032 /* Spark.cpp */,
				C1B8D45C17C04B9A003D3032 /* Spark.h */,
			);
			name = ParticleShapes;
			sourceTree = "<group>";
		};
		C1B8D45317C01A54003D3032 /* States */ = {
			isa = PBXGroup;
			children = (
				C1B8D45A17C03FF9003D3032 /* PlayScreen */,
				C1B8D45717C02B54003D3032 /* PauseMenu.cpp */,
				C1B8D45817C02B54003D3032 /* PauseMenu.h */,
				C114169117AD626B00E545B4 /* MainMenu.cpp */,
				C114169217AD626B00E545B4 /* MainMenu.h */,
				C114168E17AD5FEC00E545B4 /* SplashScreen.cpp */,
				C114168F17AD5FEC00E545B4 /* SplashScreen.h */,
			);
			name = States;
			sourceTree = "<group>";
		};
		C1B8D45A17C03FF9003D3032 /* PlayScreen */ = {
			isa = PBXGroup;
			children = (
				C114169E17AD816500E545B4 /* GameObjectManager.cpp */,
				C114169F17AD816500E545B4 /* GameObjectManager.h */,
				C1415BFD17B1871000918E6C /* Camera.cpp */,
				C1415BFE17B1871000918E6C /* Camera.h */,
				C1B8D45017BFEA00003D3032 /* PlayScreen.cpp */,
				C1B8D45117BFEA00003D3032 /* PlayScreen.h */,
			);
			name = PlayScreen;
			sourceTree = "<group>";
		};
/* End PBXGroup section */

/* Begin PBXNativeTarget section */
		C15A388417A5D775002C2764 /* SideScroller */ = {
			isa = PBXNativeTarget;
			buildConfigurationList = C15A389A17A5D776002C2764 /* Build configuration list for PBXNativeTarget "SideScroller" */;
			buildPhases = (
				C15A388017A5D775002C2764 /* Sources */,
				C15A388117A5D775002C2764 /* Frameworks */,
				C15A388217A5D775002C2764 /* Resources */,
				C15A388317A5D775002C2764 /* ShellScript */,
			);
			buildRules = (
			);
			dependencies = (
			);
			name = SideScroller;
			productName = SideScroller;
			productReference = C15A388517A5D775002C2764 /* SideScroller.app */;
			productType = "com.apple.product-type.application";
		};
/* End PBXNativeTarget section */

/* Begin PBXProject section */
		C15A387C17A5D775002C2764 /* Project object */ = {
			isa = PBXProject;
			attributes = {
				LastUpgradeCheck = 0460;
				ORGANIZATIONNAME = "Pete Michaud";
			};
			buildConfigurationList = C15A387F17A5D775002C2764 /* Build configuration list for PBXProject "SideScroller" */;
			compatibilityVersion = "Xcode 3.2";
			developmentRegion = English;
			hasScannedForEncodings = 0;
			knownRegions = (
				en,
			);
			mainGroup = C15A387B17A5D775002C2764;
			productRefGroup = C15A388617A5D775002C2764 /* Products */;
			projectDirPath = "";
			projectRoot = "";
			targets = (
				C15A388417A5D775002C2764 /* SideScroller */,
			);
		};
/* End PBXProject section */

/* Begin PBXResourcesBuildPhase section */
		C15A388217A5D775002C2764 /* Resources */ = {
			isa = PBXResourcesBuildPhase;
			buildActionMask = 2147483647;
			files = (
				C16FEC8217B06E4F00E669C6 /* Resources in Resources */,
				C1B8D44417BEE1F4003D3032 /* readme.md in Resources */,
			);
			runOnlyForDeploymentPostprocessing = 0;
		};
/* End PBXResourcesBuildPhase section */

/* Begin PBXShellScriptBuildPhase section */
		C15A388317A5D775002C2764 /* ShellScript */ = {
			isa = PBXShellScriptBuildPhase;
			buildActionMask = 2147483647;
			files = (
			);
			inputPaths = (
			);
			outputPaths = (
			);
			runOnlyForDeploymentPostprocessing = 0;
			shellPath = /bin/sh;
			shellScript = "# This shell script simply copies required sfml dylibs/frameworks into the application bundle frameworks folder.\n# If you're using static libraries (which is not recommended) you should remove this script from your project.\n\n# Are we building a project that uses framework or dylibs ?\ncase \"$SFML_BINARY_TYPE\" in\n    DYLIBS)\n        frameworks=\"false\"\n        ;;\n    *)\n        frameworks=\"true\"\n        ;;\nesac\n\n# Echoes to stderr\nerror () # $* message to display\n{\n    echo $* 1>&2\n    exit 2\n}\n\nassert () # $1 is a boolean, $2...N is an error message\n{\n    if [ $# -lt 2 ]\n    then\n        error \"Internal error in assert : not enough args\"\n    fi\n\n    if [ $1 -ne 0 ]\n    then\n        shift\n        error \"$*\"\n    fi\n}\n\nforce_remove () # $1 is a path\n{\n    test $# -eq 1\n    assert $? \"force_remove() requires one parameter\"\n    rm -fr \"$1\"\n    assert $? \"couldn't remove $1\"\n}\n\ncopy () # $1 is a source, $2 is a destination\n{\n    test $# -eq 2\n    assert $? \"copy() requires two parameters\"\n    ditto \"$1\" \"$2\"\n    assert $? \"couldn't copy $1 to $2\"\n}\n\nrequire () # $1 is a SFML module like 'system' or 'audio'\n{\n    dest=\"$BUILT_PRODUCTS_DIR/$PRODUCT_NAME.app/Contents/Frameworks\"\n    \n    if [ -z \"$1\" ]\n    then\n        error \"require() requires one parameter!\"\n    else\n        # clean potentially old stuff\n        force_remove \"$dest/libsfml-$1.2.dylib\"\n        force_remove \"$dest/libsfml-$1-d.2.dylib\"\n        force_remove \"$dest/sfml-$1.framework\"\n    \n        # copy SFML libraries\n        if [ \"$frameworks\" = \"true\" ]\n        then\n            copy \"/Library/Frameworks/sfml-$1.framework\" \"$dest/sfml-$1.framework\"\n        elif [ $CONFIGURATION = \"Debug\" ] && [ $SFML_LINK_DYLIBS_SUFFIX_DEBUG != \"\" ]\n        then\n            copy \"/usr/local/lib/libsfml-$1-d.2.dylib\" \"$dest/libsfml-$1-d.2.dylib\"\n        else\n            copy \"/usr/local/lib/libsfml-$1.2.dylib\" \"$dest/libsfml-$1.2.dylib\"\n        fi\n        \n        if [ \"$1\" = \"audio\" ]\n        then\n            # copy sndfile framework too\n            copy \"/Library/Frameworks/sndfile.framework\" \"$dest/sndfile.framework\"\n        fi\n\n        if [ \"$1\" = \"graphics\" ]\n        then\n            # copy freetype framework too\n            copy \"/Library/Frameworks/freetype.framework\" \"$dest/freetype.framework\"\n        fi\n    fi\n}\n\nif [ -n \"$SFML_SYSTEM\" ]\nthen\n    require \"system\"\nfi\n\nif [ -n \"$SFML_AUDIO\" ]\nthen\n    require \"audio\"\nfi\n\nif [ -n \"$SFML_NETWORK\" ]\nthen\n    require \"network\"\nfi\n\nif [ -n \"$SFML_WINDOW\" ]\nthen\n    require \"window\"\nfi\n\nif [ -n \"$SFML_GRAPHICS\" ]\nthen\n    require \"graphics\"\nfi\n\n                ";
		};
/* End PBXShellScriptBuildPhase section */

/* Begin PBXSourcesBuildPhase section */
		C15A388017A5D775002C2764 /* Sources */ = {
			isa = PBXSourcesBuildPhase;
			buildActionMask = 2147483647;
			files = (
				C15A388B17A5D775002C2764 /* ResourcePath.mm in Sources */,
				C15A388E17A5D775002C2764 /* main.cpp in Sources */,
				C114168817ACB9F700E545B4 /* Game.cpp in Sources */,
				C114168B17AD5D3200E545B4 /* stdafx.cpp in Sources */,
				C114169017AD5FEC00E545B4 /* SplashScreen.cpp in Sources */,
				C114169317AD626B00E545B4 /* MainMenu.cpp in Sources */,
				C114169A17AD6C1D00E545B4 /* VisibleGameObject.cpp in Sources */,
				C114169D17AD6E1D00E545B4 /* PlayerPaddle.cpp in Sources */,
				C11416A017AD816500E545B4 /* GameObjectManager.cpp in Sources */,
				C11416A517ADA8BD00E545B4 /* GameBall.cpp in Sources */,
				C11416AB17AED0BC00E545B4 /* SFMLSoundProvider.cpp in Sources */,
				C11416AE17AED33D00E545B4 /* ServiceLocator.cpp in Sources */,
				C11416B517AEF4C900E545B4 /* SoundFileCache.cpp in Sources */,
				C11416B817AF024500E545B4 /* AIPaddle.cpp in Sources */,
				C11416BB17AF1BA500E545B4 /* Paddle.cpp in Sources */,
				C1415BFF17B1871000918E6C /* Camera.cpp in Sources */,
				C1B8D44217B3E6A5003D3032 /* Emitter.cpp in Sources */,
				C1B8D44717BEF4A6003D3032 /* ParticleShape.cpp in Sources */,
				C1B8D44B17BEFDED003D3032 /* RectangleParticle.cpp in Sources */,
				C1B8D44F17BFE832003D3032 /* GameState.cpp in Sources */,
				C1B8D45217BFEA00003D3032 /* PlayScreen.cpp in Sources */,
				C1B8D45617C01A6C003D3032 /* GameStateStack.cpp in Sources */,
				C1B8D45917C02B55003D3032 /* PauseMenu.cpp in Sources */,
				C1B8D45D17C04B9A003D3032 /* Spark.cpp in Sources */,
			);
			runOnlyForDeploymentPostprocessing = 0;
		};
/* End PBXSourcesBuildPhase section */

/* Begin XCBuildConfiguration section */
		C15A389817A5D776002C2764 /* Debug */ = {
			isa = XCBuildConfiguration;
			buildSettings = {
				ARCHS = "$(ARCHS_STANDARD_32_64_BIT)";
				CLANG_CXX_LANGUAGE_STANDARD = "c++0x";
				CLANG_CXX_LIBRARY = "libc++";
				CLANG_WARN_EMPTY_BODY = YES;
				CLANG_WARN__DUPLICATE_METHOD_MATCH = YES;
				FRAMEWORK_SEARCH_PATHS = (
					/Library/Frameworks/,
					"$(inherited)",
				);
				GCC_OPTIMIZATION_LEVEL = 0;
				GCC_PREPROCESSOR_DEFINITIONS = (
					"DEBUG=1",
					"$(inherited)",
				);
				GCC_VERSION = com.apple.compilers.llvm.clang.1_0;
				GCC_WARN_ABOUT_RETURN_TYPE = YES;
				GCC_WARN_UNINITIALIZED_AUTOS = YES;
				GCC_WARN_UNUSED_VARIABLE = YES;
				HEADER_SEARCH_PATHS = (
					/usr/local/include/,
					"$(inherited)",
				);
				LIBRARY_SEARCH_PATHS = (
					/usr/local/lib/,
					"$(inherited)",
				);
				ONLY_ACTIVE_ARCH = NO;
				OTHER_LDFLAGS = (
					"$(inherited)",
					"$(SFML_SYSTEM)",
					"$(SFML_WINDOW)",
					"$(SFML_GRAPHICS)",
					"$(SFML_AUDIO)",
					"$(SFML_NETWORK)",
				);
				SFML_AUDIO = "$(SFML_LINK_PREFIX)sfml-audio$(SFML_LINK_SUFFIX)";
				SFML_BINARY_TYPE = FRAMEWORKS;
				SFML_GRAPHICS = "$(SFML_LINK_PREFIX)sfml-graphics$(SFML_LINK_SUFFIX)";
				SFML_LINK_DYLIBS_PREFIX = "-l";
				SFML_LINK_DYLIBS_SUFFIX = "";
				SFML_LINK_FRAMEWORKS_PREFIX = "-framework ";
				SFML_LINK_FRAMEWORKS_SUFFIX = "";
				SFML_LINK_PREFIX = "$(SFML_LINK_$(SFML_BINARY_TYPE)_PREFIX)";
				SFML_LINK_SUFFIX = "$(SFML_LINK_$(SFML_BINARY_TYPE)_SUFFIX)";
				SFML_NETWORK = "$(SFML_LINK_PREFIX)sfml-network$(SFML_LINK_SUFFIX)";
				SFML_SYSTEM = "$(SFML_LINK_PREFIX)sfml-system$(SFML_LINK_SUFFIX)";
				SFML_WINDOW = "$(SFML_LINK_PREFIX)sfml-window$(SFML_LINK_SUFFIX)";
				SUPPORTED_PLATFORMS = macosx;
			};
			name = Debug;
		};
		C15A389917A5D776002C2764 /* Release */ = {
			isa = XCBuildConfiguration;
			buildSettings = {
				ARCHS = "$(ARCHS_STANDARD_32_64_BIT)";
				CLANG_CXX_LANGUAGE_STANDARD = "c++0x";
				CLANG_CXX_LIBRARY = "libc++";
				CLANG_WARN_EMPTY_BODY = YES;
				CLANG_WARN__DUPLICATE_METHOD_MATCH = YES;
				COPY_PHASE_STRIP = YES;
				FRAMEWORK_SEARCH_PATHS = (
					/Library/Frameworks/,
					"$(inherited)",
				);
				GCC_VERSION = com.apple.compilers.llvm.clang.1_0;
				GCC_WARN_ABOUT_RETURN_TYPE = YES;
				GCC_WARN_UNINITIALIZED_AUTOS = YES;
				GCC_WARN_UNUSED_VARIABLE = YES;
				HEADER_SEARCH_PATHS = (
					/usr/local/include/,
					"$(inherited)",
				);
				LIBRARY_SEARCH_PATHS = (
					/usr/local/lib/,
					"$(inherited)",
				);
				ONLY_ACTIVE_ARCH = NO;
				OTHER_LDFLAGS = (
					"$(inherited)",
					"$(SFML_SYSTEM)",
					"$(SFML_WINDOW)",
					"$(SFML_GRAPHICS)",
					"$(SFML_AUDIO)",
					"$(SFML_NETWORK)",
				);
				SFML_AUDIO = "$(SFML_LINK_PREFIX)sfml-audio$(SFML_LINK_SUFFIX)";
				SFML_BINARY_TYPE = FRAMEWORKS;
				SFML_GRAPHICS = "$(SFML_LINK_PREFIX)sfml-graphics$(SFML_LINK_SUFFIX)";
				SFML_LINK_DYLIBS_PREFIX = "-l";
				SFML_LINK_DYLIBS_SUFFIX = "";
				SFML_LINK_FRAMEWORKS_PREFIX = "-framework ";
				SFML_LINK_FRAMEWORKS_SUFFIX = "";
				SFML_LINK_PREFIX = "$(SFML_LINK_$(SFML_BINARY_TYPE)_PREFIX)";
				SFML_LINK_SUFFIX = "$(SFML_LINK_$(SFML_BINARY_TYPE)_SUFFIX)";
				SFML_NETWORK = "$(SFML_LINK_PREFIX)sfml-network$(SFML_LINK_SUFFIX)";
				SFML_SYSTEM = "$(SFML_LINK_PREFIX)sfml-system$(SFML_LINK_SUFFIX)";
				SFML_WINDOW = "$(SFML_LINK_PREFIX)sfml-window$(SFML_LINK_SUFFIX)";
				SUPPORTED_PLATFORMS = macosx;
			};
			name = Release;
		};
		C15A389B17A5D776002C2764 /* Debug */ = {
			isa = XCBuildConfiguration;
			buildSettings = {
				INFOPLIST_FILE = "SideScroller/SideScroller-Info.plist";
				MACOSX_DEPLOYMENT_TARGET = 10.8;
				PRODUCT_NAME = "$(TARGET_NAME)";
			};
			name = Debug;
		};
		C15A389C17A5D776002C2764 /* Release */ = {
			isa = XCBuildConfiguration;
			buildSettings = {
				INFOPLIST_FILE = "SideScroller/SideScroller-Info.plist";
				MACOSX_DEPLOYMENT_TARGET = 10.8;
				PRODUCT_NAME = "$(TARGET_NAME)";
			};
			name = Release;
		};
/* End XCBuildConfiguration section */

/* Begin XCConfigurationList section */
		C15A387F17A5D775002C2764 /* Build configuration list for PBXProject "SideScroller" */ = {
			isa = XCConfigurationList;
			buildConfigurations = (
				C15A389817A5D776002C2764 /* Debug */,
				C15A389917A5D776002C2764 /* Release */,
			);
			defaultConfigurationIsVisible = 0;
			defaultConfigurationName = Release;
		};
		C15A389A17A5D776002C2764 /* Build configuration list for PBXNativeTarget "SideScroller" */ = {
			isa = XCConfigurationList;
			buildConfigurations = (
				C15A389B17A5D776002C2764 /* Debug */,
				C15A389C17A5D776002C2764 /* Release */,
			);
			defaultConfigurationIsVisible = 0;
			defaultConfigurationName = Release;
		};
/* End XCConfigurationList section */
	};
	rootObject = C15A387C17A5D775002C2764 /* Project object */;
}
